{
    "_meta": {
        "hash": {
            "sha256": "93af6e44e58229b2293029e02d5c49dbb619fce0ba518fca709d74d26c7a08ab"
        },
        "pipfile-spec": 6,
        "requires": {
            "python_version": "3.10"
        },
        "sources": [
            {
                "name": "pypi",
                "url": "https://pypi.org/simple",
                "verify_ssl": true
            }
        ]
    },
    "default": {
        "advent-of-code-data": {
            "hashes": [
                "sha256:a9ab6dcd1c39df17b7b33e7f2baa187d85c89c59f4ad15cfdbc00e18144251ad",
                "sha256:b5f5fd84a25124633a444916a9ac8a424e8cbd7f346a68ccb34dc1f3460d2b9e"
            ],
            "index": "pypi",
            "version": "==2.0.1"
        },
        "aocd-example-parser": {
            "hashes": [
                "sha256:7baabde61727c73a5a8fe5f5d578f095ddcb7fe6fdaabdacc79343293be86320",
                "sha256:8fb225ec31f423f85cbcf6f7b92c0a5873b3108f83e645d67b10006fd8773a8e"
            ],
            "markers": "python_version >= '3.9'",
            "version": "==2023.2"
        },
        "beautifulsoup4": {
            "hashes": [
                "sha256:492bbc69dca35d12daac71c4db1bfff0c876c00ef4a2ffacce226d4638eb72da",
                "sha256:bd2520ca0d9d7d12694a53d44ac482d181b4ec1888909b035a3dbf40d0f57d4a"
            ],
            "markers": "python_full_version >= '3.6.0'",
            "version": "==4.12.2"
        },
        "pebble": {
            "hashes": [
                "sha256:6f7adf2bded4414bdd3562d5f4d567bd94ff101e726aff878a66575bc99c122b",
                "sha256:b594505a6bf79ecec834abb2eb218bfc98f08b9d4d7cc3b61883eaf0d3e4b881"
            ],
            "markers": "python_version >= '3.6'",
            "version": "==5.0.4"
        },
        "soupsieve": {
            "hashes": [
                "sha256:5663d5a7b3bfaeee0bc4372e7fc48f9cff4940b3eec54a6451cc5299f1097690",
                "sha256:eaa337ff55a1579b6549dc679565eac1e3d000563bcb1c8ab0d0fefbc0c2cdc7"
            ],
            "markers": "python_version >= '3.8'",
            "version": "==2.5"
        },
        "urllib3": {
            "hashes": [
                "sha256:55901e917a5896a349ff771be919f8bd99aff50b79fe58fec595eb37bbc56bb3",
                "sha256:df7aa8afb0148fa78488e7899b2c59b5f4ffcfa82e6c54ccb9dd37c1d7b52d54"
            ],
            "markers": "python_version >= '3.8'",
            "version": "==2.1.0"
        }
    },
    "develop": {}
}
